// !$*UTF8*$!
{
	archiveVersion = 1;
	classes = {
	};
	objectVersion = 46;
	objects = {

/* Begin PBXBuildFile section */
		E010EE701A8B057F00905498 /* DDHotKeyCenter.m in Sources */ = {isa = PBXBuildFile; fileRef = E010EE6B1A8B057F00905498 /* DDHotKeyCenter.m */; };
		E010EE711A8B057F00905498 /* DDHotKeyTextField.m in Sources */ = {isa = PBXBuildFile; fileRef = E010EE6D1A8B057F00905498 /* DDHotKeyTextField.m */; };
		E010EE721A8B057F00905498 /* DDHotKeyUtilities.m in Sources */ = {isa = PBXBuildFile; fileRef = E010EE6F1A8B057F00905498 /* DDHotKeyUtilities.m */; };
		E030EF651A402AE000A37FAF /* scripts in Resources */ = {isa = PBXBuildFile; fileRef = E030EF641A402AE000A37FAF /* scripts */; };
		E030EF671A402B1900A37FAF /* images in Resources */ = {isa = PBXBuildFile; fileRef = E030EF661A402B1900A37FAF /* images */; };
		E03A51DD1A85869D00356D90 /* PNPropertiesTableCellView.xib in Resources */ = {isa = PBXBuildFile; fileRef = E03A51DC1A85869D00356D90 /* PNPropertiesTableCellView.xib */; };
		E03A51E01A85998C00356D90 /* PNPropertiesTableCellView.m in Sources */ = {isa = PBXBuildFile; fileRef = E03A51DF1A85998C00356D90 /* PNPropertiesTableCellView.m */; };
		E04C67581A588243006861F2 /* PNStreamUtils.m in Sources */ = {isa = PBXBuildFile; fileRef = E04C67571A588243006861F2 /* PNStreamUtils.m */; };
		E04C675B1A588500006861F2 /* PNSerializationUtils.m in Sources */ = {isa = PBXBuildFile; fileRef = E04C675A1A588500006861F2 /* PNSerializationUtils.m */; };
		E04C675E1A588727006861F2 /* PNServiceUtils.m in Sources */ = {isa = PBXBuildFile; fileRef = E04C675D1A588727006861F2 /* PNServiceUtils.m */; };
		E04C67611A59E640006861F2 /* PNProperty.m in Sources */ = {isa = PBXBuildFile; fileRef = E04C67601A59E640006861F2 /* PNProperty.m */; };
		E04C67641A5A6214006861F2 /* PNTableHeaderCell.m in Sources */ = {isa = PBXBuildFile; fileRef = E04C67631A5A6214006861F2 /* PNTableHeaderCell.m */; };
		E0516C8C1D6007DD006EBDCB /* PNApplicationUtils.m in Sources */ = {isa = PBXBuildFile; fileRef = E0516C8B1D6007DD006EBDCB /* PNApplicationUtils.m */; };
		E0567DBE1A7D55FD001AF187 /* PNLoggerUtils.m in Sources */ = {isa = PBXBuildFile; fileRef = E0567DBD1A7D55FD001AF187 /* PNLoggerUtils.m */; };
		E0567DC11A7D6E4E001AF187 /* PNPropertyFileInfoConfig.m in Sources */ = {isa = PBXBuildFile; fileRef = E0567DC01A7D6E4E001AF187 /* PNPropertyFileInfoConfig.m */; };
		E0567DC41A7D8FD2001AF187 /* PNPathUtils.m in Sources */ = {isa = PBXBuildFile; fileRef = E0567DC31A7D8FD2001AF187 /* PNPathUtils.m */; };
		E0567DC91A7DFC3B001AF187 /* PNPropertyFileInfo.m in Sources */ = {isa = PBXBuildFile; fileRef = E0567DC81A7DFC3B001AF187 /* PNPropertyFileInfo.m */; };
		E0567DCC1A7E13C6001AF187 /* PNTableView.m in Sources */ = {isa = PBXBuildFile; fileRef = E0567DCB1A7E13C6001AF187 /* PNTableView.m */; };
		E06049AC1D65453400F456C8 /* PNServer.m in Sources */ = {isa = PBXBuildFile; fileRef = E06049AB1D65453400F456C8 /* PNServer.m */; };
		E06E022E1A86A60C004B4C17 /* PNPathUtilsTest.m in Sources */ = {isa = PBXBuildFile; fileRef = E06E022D1A86A60C004B4C17 /* PNPathUtilsTest.m */; };
		E06E02321A86AA05004B4C17 /* NSStringUtilitiesTest.m in Sources */ = {isa = PBXBuildFile; fileRef = E06E02311A86AA05004B4C17 /* NSStringUtilitiesTest.m */; };
		E07E2A341A47D6E1009E2AB6 /* Automator.framework in Frameworks */ = {isa = PBXBuildFile; fileRef = E07E2A331A47D6E1009E2AB6 /* Automator.framework */; };
		E07E2A371A48B150009E2AB6 /* PNPreferencesWindowController.m in Sources */ = {isa = PBXBuildFile; fileRef = E07E2A361A48B150009E2AB6 /* PNPreferencesWindowController.m */; };
		E09563A11A3BA5E700DFC645 /* Cocoa.framework in Frameworks */ = {isa = PBXBuildFile; fileRef = E09563A01A3BA5E700DFC645 /* Cocoa.framework */; };
		E09563AB1A3BA5E700DFC645 /* InfoPlist.strings in Resources */ = {isa = PBXBuildFile; fileRef = E09563A91A3BA5E700DFC645 /* InfoPlist.strings */; };
		E09563AD1A3BA5E700DFC645 /* main.m in Sources */ = {isa = PBXBuildFile; fileRef = E09563AC1A3BA5E700DFC645 /* main.m */; };
		E09563B11A3BA5E700DFC645 /* Credits.rtf in Resources */ = {isa = PBXBuildFile; fileRef = E09563AF1A3BA5E700DFC645 /* Credits.rtf */; };
		E09563B91A3BA5E700DFC645 /* Images.xcassets in Resources */ = {isa = PBXBuildFile; fileRef = E09563B81A3BA5E700DFC645 /* Images.xcassets */; };
		E09563C01A3BA5E700DFC645 /* XCTest.framework in Frameworks */ = {isa = PBXBuildFile; fileRef = E09563BF1A3BA5E700DFC645 /* XCTest.framework */; };
		E09563C11A3BA5E700DFC645 /* Cocoa.framework in Frameworks */ = {isa = PBXBuildFile; fileRef = E09563A01A3BA5E700DFC645 /* Cocoa.framework */; };
		E09563C91A3BA5E700DFC645 /* InfoPlist.strings in Resources */ = {isa = PBXBuildFile; fileRef = E09563C71A3BA5E700DFC645 /* InfoPlist.strings */; };
		E0A21E3C1A4B3EB2007A5D73 /* PNConstants.m in Sources */ = {isa = PBXBuildFile; fileRef = E0A21E3B1A4B3EB2007A5D73 /* PNConstants.m */; };
		E0A8C13F1A3D2A540036A675 /* Carbon.framework in Frameworks */ = {isa = PBXBuildFile; fileRef = E039E6361A3BD27D002832C5 /* Carbon.framework */; };
		E0AA7CEA1D56948700355C3E /* PNService.m in Sources */ = {isa = PBXBuildFile; fileRef = E0AA7CE91D56948700355C3E /* PNService.m */; };
		E0BBA7591A47BE6C001D3DE1 /* PNAppDelegate.m in Sources */ = {isa = PBXBuildFile; fileRef = E0BBA73C1A47BE6C001D3DE1 /* PNAppDelegate.m */; };
		E0BBA75A1A47BE6C001D3DE1 /* PNApplication.m in Sources */ = {isa = PBXBuildFile; fileRef = E0BBA73E1A47BE6C001D3DE1 /* PNApplication.m */; };
		E0BBA75B1A47BE6C001D3DE1 /* PNMenuController.m in Sources */ = {isa = PBXBuildFile; fileRef = E0BBA7411A47BE6C001D3DE1 /* PNMenuController.m */; };
		E0BBA75C1A47BE6C001D3DE1 /* PNPropertiesWindowController.m in Sources */ = {isa = PBXBuildFile; fileRef = E0BBA7431A47BE6C001D3DE1 /* PNPropertiesWindowController.m */; };
		E0BBA75F1A47BE6C001D3DE1 /* Main.xib in Resources */ = {isa = PBXBuildFile; fileRef = E0BBA74A1A47BE6C001D3DE1 /* Main.xib */; };
		E0BBA7601A47BE6C001D3DE1 /* PNPreferencesWindow.xib in Resources */ = {isa = PBXBuildFile; fileRef = E0BBA74B1A47BE6C001D3DE1 /* PNPreferencesWindow.xib */; };
		E0BBA7611A47BE6C001D3DE1 /* PNPropertiesWindow.xib in Resources */ = {isa = PBXBuildFile; fileRef = E0BBA74C1A47BE6C001D3DE1 /* PNPropertiesWindow.xib */; };
		E0BBA7621A47BE6C001D3DE1 /* PNPropertiesTableView.m in Sources */ = {isa = PBXBuildFile; fileRef = E0BBA74F1A47BE6C001D3DE1 /* PNPropertiesTableView.m */; };
		E0BBA7631A47BE6C001D3DE1 /* NSWindow+canBecomeKeyWindow.m in Sources */ = {isa = PBXBuildFile; fileRef = E0BBA7511A47BE6C001D3DE1 /* NSWindow+canBecomeKeyWindow.m */; };
		E0C1C7201A513D6B00FA209A /* NSString+Utilities.m in Sources */ = {isa = PBXBuildFile; fileRef = E0C1C71E1A513D6B00FA209A /* NSString+Utilities.m */; };
		E0ED4A7B1AA1365000B877D9 /* PNConfigManager.m in Sources */ = {isa = PBXBuildFile; fileRef = E0ED4A7A1AA1365000B877D9 /* PNConfigManager.m */; };
		E0ED4A7E1AA1370500B877D9 /* PNHotKey.m in Sources */ = {isa = PBXBuildFile; fileRef = E0ED4A7D1AA1370500B877D9 /* PNHotKey.m */; };
		E0ED4A811AA1419400B877D9 /* PNHotKeyManager.m in Sources */ = {isa = PBXBuildFile; fileRef = E0ED4A801AA1419400B877D9 /* PNHotKeyManager.m */; };
		E0FFD1881A85C0F100F1713C /* PNPropertiesTableRowView.m in Sources */ = {isa = PBXBuildFile; fileRef = E0FFD1871A85C0F100F1713C /* PNPropertiesTableRowView.m */; };
		F526BF7E2EEACEF0A63AF6F2 /* libPods.a in Frameworks */ = {isa = PBXBuildFile; fileRef = 03C26D2EBDA059266DAFBB98 /* libPods.a */; };
/* End PBXBuildFile section */

/* Begin PBXContainerItemProxy section */
		E09563C21A3BA5E700DFC645 /* PBXContainerItemProxy */ = {
			isa = PBXContainerItemProxy;
			containerPortal = E09563951A3BA5E600DFC645 /* Project object */;
			proxyType = 1;
			remoteGlobalIDString = E095639C1A3BA5E700DFC645;
			remoteInfo = propninja;
		};
/* End PBXContainerItemProxy section */

/* Begin PBXFileReference section */
		03C26D2EBDA059266DAFBB98 /* libPods.a */ = {isa = PBXFileReference; explicitFileType = archive.ar; includeInIndex = 0; path = libPods.a; sourceTree = BUILT_PRODUCTS_DIR; };
		DFFEFB50649EE02652AD5B6F /* Pods.release.xcconfig */ = {isa = PBXFileReference; includeInIndex = 1; lastKnownFileType = text.xcconfig; name = Pods.release.xcconfig; path = "Pods/Target Support Files/Pods/Pods.release.xcconfig"; sourceTree = "<group>"; };
		E010EE6A1A8B057F00905498 /* DDHotKeyCenter.h */ = {isa = PBXFileReference; fileEncoding = 4; lastKnownFileType = sourcecode.c.h; name = DDHotKeyCenter.h; path = lib/DDHotKey/DDHotKeyCenter.h; sourceTree = "<group>"; };
		E010EE6B1A8B057F00905498 /* DDHotKeyCenter.m */ = {isa = PBXFileReference; fileEncoding = 4; lastKnownFileType = sourcecode.c.objc; name = DDHotKeyCenter.m; path = lib/DDHotKey/DDHotKeyCenter.m; sourceTree = "<group>"; };
		E010EE6C1A8B057F00905498 /* DDHotKeyTextField.h */ = {isa = PBXFileReference; fileEncoding = 4; lastKnownFileType = sourcecode.c.h; name = DDHotKeyTextField.h; path = lib/DDHotKey/DDHotKeyTextField.h; sourceTree = "<group>"; };
		E010EE6D1A8B057F00905498 /* DDHotKeyTextField.m */ = {isa = PBXFileReference; fileEncoding = 4; lastKnownFileType = sourcecode.c.objc; name = DDHotKeyTextField.m; path = lib/DDHotKey/DDHotKeyTextField.m; sourceTree = "<group>"; };
		E010EE6E1A8B057F00905498 /* DDHotKeyUtilities.h */ = {isa = PBXFileReference; fileEncoding = 4; lastKnownFileType = sourcecode.c.h; name = DDHotKeyUtilities.h; path = lib/DDHotKey/DDHotKeyUtilities.h; sourceTree = "<group>"; };
		E010EE6F1A8B057F00905498 /* DDHotKeyUtilities.m */ = {isa = PBXFileReference; fileEncoding = 4; lastKnownFileType = sourcecode.c.objc; name = DDHotKeyUtilities.m; path = lib/DDHotKey/DDHotKeyUtilities.m; sourceTree = "<group>"; };
		E030EF641A402AE000A37FAF /* scripts */ = {isa = PBXFileReference; lastKnownFileType = folder; path = scripts; sourceTree = "<group>"; };
		E030EF661A402B1900A37FAF /* images */ = {isa = PBXFileReference; lastKnownFileType = folder; path = images; sourceTree = "<group>"; };
		E039E6361A3BD27D002832C5 /* Carbon.framework */ = {isa = PBXFileReference; lastKnownFileType = wrapper.framework; name = Carbon.framework; path = System/Library/Frameworks/Carbon.framework; sourceTree = SDKROOT; };
		E03A51DC1A85869D00356D90 /* PNPropertiesTableCellView.xib */ = {isa = PBXFileReference; fileEncoding = 4; lastKnownFileType = file.xib; path = PNPropertiesTableCellView.xib; sourceTree = "<group>"; };
		E03A51DE1A85998C00356D90 /* PNPropertiesTableCellView.h */ = {isa = PBXFileReference; fileEncoding = 4; lastKnownFileType = sourcecode.c.h; path = PNPropertiesTableCellView.h; sourceTree = "<group>"; };
		E03A51DF1A85998C00356D90 /* PNPropertiesTableCellView.m */ = {isa = PBXFileReference; fileEncoding = 4; lastKnownFileType = sourcecode.c.objc; path = PNPropertiesTableCellView.m; sourceTree = "<group>"; };
		E04C67561A588243006861F2 /* PNStreamUtils.h */ = {isa = PBXFileReference; fileEncoding = 4; lastKnownFileType = sourcecode.c.h; path = PNStreamUtils.h; sourceTree = "<group>"; };
		E04C67571A588243006861F2 /* PNStreamUtils.m */ = {isa = PBXFileReference; fileEncoding = 4; lastKnownFileType = sourcecode.c.objc; path = PNStreamUtils.m; sourceTree = "<group>"; };
		E04C67591A588500006861F2 /* PNSerializationUtils.h */ = {isa = PBXFileReference; fileEncoding = 4; lastKnownFileType = sourcecode.c.h; path = PNSerializationUtils.h; sourceTree = "<group>"; };
		E04C675A1A588500006861F2 /* PNSerializationUtils.m */ = {isa = PBXFileReference; fileEncoding = 4; lastKnownFileType = sourcecode.c.objc; path = PNSerializationUtils.m; sourceTree = "<group>"; };
		E04C675C1A588727006861F2 /* PNServiceUtils.h */ = {isa = PBXFileReference; fileEncoding = 4; lastKnownFileType = sourcecode.c.h; path = PNServiceUtils.h; sourceTree = "<group>"; };
		E04C675D1A588727006861F2 /* PNServiceUtils.m */ = {isa = PBXFileReference; fileEncoding = 4; lastKnownFileType = sourcecode.c.objc; path = PNServiceUtils.m; sourceTree = "<group>"; };
		E04C675F1A59E640006861F2 /* PNProperty.h */ = {isa = PBXFileReference; fileEncoding = 4; lastKnownFileType = sourcecode.c.h; path = PNProperty.h; sourceTree = "<group>"; };
		E04C67601A59E640006861F2 /* PNProperty.m */ = {isa = PBXFileReference; fileEncoding = 4; lastKnownFileType = sourcecode.c.objc; path = PNProperty.m; sourceTree = "<group>"; };
		E04C67621A5A6214006861F2 /* PNTableHeaderCell.h */ = {isa = PBXFileReference; fileEncoding = 4; lastKnownFileType = sourcecode.c.h; path = PNTableHeaderCell.h; sourceTree = "<group>"; };
		E04C67631A5A6214006861F2 /* PNTableHeaderCell.m */ = {isa = PBXFileReference; fileEncoding = 4; lastKnownFileType = sourcecode.c.objc; path = PNTableHeaderCell.m; sourceTree = "<group>"; };
		E04E30421AA24283006B2F55 /* libproperties.a */ = {isa = PBXFileReference; lastKnownFileType = archive.ar; name = libproperties.a; path = properties/build/Debug/libproperties.a; sourceTree = "<group>"; };
		E0516C8A1D6007DD006EBDCB /* PNApplicationUtils.h */ = {isa = PBXFileReference; fileEncoding = 4; lastKnownFileType = sourcecode.c.h; path = PNApplicationUtils.h; sourceTree = "<group>"; };
		E0516C8B1D6007DD006EBDCB /* PNApplicationUtils.m */ = {isa = PBXFileReference; fileEncoding = 4; lastKnownFileType = sourcecode.c.objc; path = PNApplicationUtils.m; sourceTree = "<group>"; };
		E0567DBC1A7D55FD001AF187 /* PNLoggerUtils.h */ = {isa = PBXFileReference; fileEncoding = 4; lastKnownFileType = sourcecode.c.h; path = PNLoggerUtils.h; sourceTree = "<group>"; };
		E0567DBD1A7D55FD001AF187 /* PNLoggerUtils.m */ = {isa = PBXFileReference; fileEncoding = 4; lastKnownFileType = sourcecode.c.objc; path = PNLoggerUtils.m; sourceTree = "<group>"; };
		E0567DBF1A7D6E4E001AF187 /* PNPropertyFileInfoConfig.h */ = {isa = PBXFileReference; fileEncoding = 4; lastKnownFileType = sourcecode.c.h; path = PNPropertyFileInfoConfig.h; sourceTree = "<group>"; };
		E0567DC01A7D6E4E001AF187 /* PNPropertyFileInfoConfig.m */ = {isa = PBXFileReference; fileEncoding = 4; lastKnownFileType = sourcecode.c.objc; path = PNPropertyFileInfoConfig.m; sourceTree = "<group>"; };
		E0567DC21A7D8FD2001AF187 /* PNPathUtils.h */ = {isa = PBXFileReference; fileEncoding = 4; lastKnownFileType = sourcecode.c.h; path = PNPathUtils.h; sourceTree = "<group>"; };
		E0567DC31A7D8FD2001AF187 /* PNPathUtils.m */ = {isa = PBXFileReference; fileEncoding = 4; lastKnownFileType = sourcecode.c.objc; path = PNPathUtils.m; sourceTree = "<group>"; };
		E0567DC71A7DFC3B001AF187 /* PNPropertyFileInfo.h */ = {isa = PBXFileReference; fileEncoding = 4; lastKnownFileType = sourcecode.c.h; path = PNPropertyFileInfo.h; sourceTree = "<group>"; };
		E0567DC81A7DFC3B001AF187 /* PNPropertyFileInfo.m */ = {isa = PBXFileReference; fileEncoding = 4; lastKnownFileType = sourcecode.c.objc; path = PNPropertyFileInfo.m; sourceTree = "<group>"; };
		E0567DCA1A7E13C6001AF187 /* PNTableView.h */ = {isa = PBXFileReference; fileEncoding = 4; lastKnownFileType = sourcecode.c.h; path = PNTableView.h; sourceTree = "<group>"; };
		E0567DCB1A7E13C6001AF187 /* PNTableView.m */ = {isa = PBXFileReference; fileEncoding = 4; lastKnownFileType = sourcecode.c.objc; path = PNTableView.m; sourceTree = "<group>"; };
		E06049AA1D65453400F456C8 /* PNServer.h */ = {isa = PBXFileReference; fileEncoding = 4; lastKnownFileType = sourcecode.c.h; name = PNServer.h; path = service/PNServer.h; sourceTree = "<group>"; };
		E06049AB1D65453400F456C8 /* PNServer.m */ = {isa = PBXFileReference; fileEncoding = 4; lastKnownFileType = sourcecode.c.objc; name = PNServer.m; path = service/PNServer.m; sourceTree = "<group>"; };
		E06E022D1A86A60C004B4C17 /* PNPathUtilsTest.m */ = {isa = PBXFileReference; fileEncoding = 4; lastKnownFileType = sourcecode.c.objc; name = PNPathUtilsTest.m; path = utils/PNPathUtilsTest.m; sourceTree = "<group>"; };
		E06E02311A86AA05004B4C17 /* NSStringUtilitiesTest.m */ = {isa = PBXFileReference; fileEncoding = 4; lastKnownFileType = sourcecode.c.objc; name = NSStringUtilitiesTest.m; path = util/NSStringUtilitiesTest.m; sourceTree = "<group>"; };
		E07E2A331A47D6E1009E2AB6 /* Automator.framework */ = {isa = PBXFileReference; lastKnownFileType = wrapper.framework; name = Automator.framework; path = System/Library/Frameworks/Automator.framework; sourceTree = SDKROOT; };
		E07E2A351A48B150009E2AB6 /* PNPreferencesWindowController.h */ = {isa = PBXFileReference; fileEncoding = 4; lastKnownFileType = sourcecode.c.h; path = PNPreferencesWindowController.h; sourceTree = "<group>"; };
		E07E2A361A48B150009E2AB6 /* PNPreferencesWindowController.m */ = {isa = PBXFileReference; fileEncoding = 4; lastKnownFileType = sourcecode.c.objc; path = PNPreferencesWindowController.m; sourceTree = "<group>"; };
		E095639D1A3BA5E700DFC645 /* propninja.app */ = {isa = PBXFileReference; explicitFileType = wrapper.application; includeInIndex = 0; path = propninja.app; sourceTree = BUILT_PRODUCTS_DIR; };
		E09563A01A3BA5E700DFC645 /* Cocoa.framework */ = {isa = PBXFileReference; lastKnownFileType = wrapper.framework; name = Cocoa.framework; path = System/Library/Frameworks/Cocoa.framework; sourceTree = SDKROOT; };
		E09563A31A3BA5E700DFC645 /* AppKit.framework */ = {isa = PBXFileReference; lastKnownFileType = wrapper.framework; name = AppKit.framework; path = System/Library/Frameworks/AppKit.framework; sourceTree = SDKROOT; };
		E09563A41A3BA5E700DFC645 /* CoreData.framework */ = {isa = PBXFileReference; lastKnownFileType = wrapper.framework; name = CoreData.framework; path = System/Library/Frameworks/CoreData.framework; sourceTree = SDKROOT; };
		E09563A51A3BA5E700DFC645 /* Foundation.framework */ = {isa = PBXFileReference; lastKnownFileType = wrapper.framework; name = Foundation.framework; path = System/Library/Frameworks/Foundation.framework; sourceTree = SDKROOT; };
		E09563A81A3BA5E700DFC645 /* propninja-Info.plist */ = {isa = PBXFileReference; lastKnownFileType = text.plist.xml; path = "propninja-Info.plist"; sourceTree = "<group>"; };
		E09563AA1A3BA5E700DFC645 /* en */ = {isa = PBXFileReference; lastKnownFileType = text.plist.strings; name = en; path = en.lproj/InfoPlist.strings; sourceTree = "<group>"; };
		E09563AC1A3BA5E700DFC645 /* main.m */ = {isa = PBXFileReference; lastKnownFileType = sourcecode.c.objc; path = main.m; sourceTree = "<group>"; };
		E09563AE1A3BA5E700DFC645 /* propninja-Prefix.pch */ = {isa = PBXFileReference; lastKnownFileType = sourcecode.c.h; path = "propninja-Prefix.pch"; sourceTree = "<group>"; };
		E09563B01A3BA5E700DFC645 /* en */ = {isa = PBXFileReference; lastKnownFileType = text.rtf; name = en; path = en.lproj/Credits.rtf; sourceTree = "<group>"; };
		E09563B81A3BA5E700DFC645 /* Images.xcassets */ = {isa = PBXFileReference; lastKnownFileType = folder.assetcatalog; path = Images.xcassets; sourceTree = "<group>"; };
		E09563BE1A3BA5E700DFC645 /* propninjaTests.xctest */ = {isa = PBXFileReference; explicitFileType = wrapper.cfbundle; includeInIndex = 0; path = propninjaTests.xctest; sourceTree = BUILT_PRODUCTS_DIR; };
		E09563BF1A3BA5E700DFC645 /* XCTest.framework */ = {isa = PBXFileReference; lastKnownFileType = wrapper.framework; name = XCTest.framework; path = Library/Frameworks/XCTest.framework; sourceTree = DEVELOPER_DIR; };
		E09563C61A3BA5E700DFC645 /* propninjaTests-Info.plist */ = {isa = PBXFileReference; lastKnownFileType = text.plist.xml; path = "propninjaTests-Info.plist"; sourceTree = "<group>"; };
		E09563C81A3BA5E700DFC645 /* en */ = {isa = PBXFileReference; lastKnownFileType = text.plist.strings; name = en; path = en.lproj/InfoPlist.strings; sourceTree = "<group>"; };
		E0A21E3A1A4B3EB2007A5D73 /* PNConstants.h */ = {isa = PBXFileReference; fileEncoding = 4; lastKnownFileType = sourcecode.c.h; name = PNConstants.h; path = constants/PNConstants.h; sourceTree = "<group>"; };
		E0A21E3B1A4B3EB2007A5D73 /* PNConstants.m */ = {isa = PBXFileReference; fileEncoding = 4; lastKnownFileType = sourcecode.c.objc; name = PNConstants.m; path = constants/PNConstants.m; sourceTree = "<group>"; };
		E0AA7CE81D56948700355C3E /* PNService.h */ = {isa = PBXFileReference; fileEncoding = 4; lastKnownFileType = sourcecode.c.h; name = PNService.h; path = service/PNService.h; sourceTree = "<group>"; };
		E0AA7CE91D56948700355C3E /* PNService.m */ = {isa = PBXFileReference; fileEncoding = 4; lastKnownFileType = sourcecode.c.objc; name = PNService.m; path = service/PNService.m; sourceTree = "<group>"; };
		E0BBA73B1A47BE6C001D3DE1 /* PNAppDelegate.h */ = {isa = PBXFileReference; fileEncoding = 4; lastKnownFileType = sourcecode.c.h; path = PNAppDelegate.h; sourceTree = "<group>"; };
		E0BBA73C1A47BE6C001D3DE1 /* PNAppDelegate.m */ = {isa = PBXFileReference; fileEncoding = 4; lastKnownFileType = sourcecode.c.objc; path = PNAppDelegate.m; sourceTree = "<group>"; };
		E0BBA73D1A47BE6C001D3DE1 /* PNApplication.h */ = {isa = PBXFileReference; fileEncoding = 4; lastKnownFileType = sourcecode.c.h; path = PNApplication.h; sourceTree = "<group>"; };
		E0BBA73E1A47BE6C001D3DE1 /* PNApplication.m */ = {isa = PBXFileReference; fileEncoding = 4; lastKnownFileType = sourcecode.c.objc; path = PNApplication.m; sourceTree = "<group>"; };
		E0BBA7401A47BE6C001D3DE1 /* PNMenuController.h */ = {isa = PBXFileReference; fileEncoding = 4; lastKnownFileType = sourcecode.c.h; path = PNMenuController.h; sourceTree = "<group>"; };
		E0BBA7411A47BE6C001D3DE1 /* PNMenuController.m */ = {isa = PBXFileReference; fileEncoding = 4; lastKnownFileType = sourcecode.c.objc; path = PNMenuController.m; sourceTree = "<group>"; };
		E0BBA7421A47BE6C001D3DE1 /* PNPropertiesWindowController.h */ = {isa = PBXFileReference; fileEncoding = 4; lastKnownFileType = sourcecode.c.h; path = PNPropertiesWindowController.h; sourceTree = "<group>"; };
		E0BBA7431A47BE6C001D3DE1 /* PNPropertiesWindowController.m */ = {isa = PBXFileReference; fileEncoding = 4; lastKnownFileType = sourcecode.c.objc; path = PNPropertiesWindowController.m; sourceTree = "<group>"; };
		E0BBA74A1A47BE6C001D3DE1 /* Main.xib */ = {isa = PBXFileReference; fileEncoding = 4; lastKnownFileType = file.xib; path = Main.xib; sourceTree = "<group>"; };
		E0BBA74B1A47BE6C001D3DE1 /* PNPreferencesWindow.xib */ = {isa = PBXFileReference; fileEncoding = 4; lastKnownFileType = file.xib; path = PNPreferencesWindow.xib; sourceTree = "<group>"; };
		E0BBA74C1A47BE6C001D3DE1 /* PNPropertiesWindow.xib */ = {isa = PBXFileReference; fileEncoding = 4; lastKnownFileType = file.xib; path = PNPropertiesWindow.xib; sourceTree = "<group>"; };
		E0BBA74E1A47BE6C001D3DE1 /* PNPropertiesTableView.h */ = {isa = PBXFileReference; fileEncoding = 4; lastKnownFileType = sourcecode.c.h; path = PNPropertiesTableView.h; sourceTree = "<group>"; };
		E0BBA74F1A47BE6C001D3DE1 /* PNPropertiesTableView.m */ = {isa = PBXFileReference; fileEncoding = 4; lastKnownFileType = sourcecode.c.objc; path = PNPropertiesTableView.m; sourceTree = "<group>"; };
		E0BBA7501A47BE6C001D3DE1 /* NSWindow+canBecomeKeyWindow.h */ = {isa = PBXFileReference; fileEncoding = 4; lastKnownFileType = sourcecode.c.h; path = "NSWindow+canBecomeKeyWindow.h"; sourceTree = "<group>"; };
		E0BBA7511A47BE6C001D3DE1 /* NSWindow+canBecomeKeyWindow.m */ = {isa = PBXFileReference; fileEncoding = 4; lastKnownFileType = sourcecode.c.objc; path = "NSWindow+canBecomeKeyWindow.m"; sourceTree = "<group>"; };
		E0C1C71D1A513D6B00FA209A /* NSString+Utilities.h */ = {isa = PBXFileReference; fileEncoding = 4; lastKnownFileType = sourcecode.c.h; name = "NSString+Utilities.h"; path = "util/NSString+Utilities.h"; sourceTree = "<group>"; };
		E0C1C71E1A513D6B00FA209A /* NSString+Utilities.m */ = {isa = PBXFileReference; fileEncoding = 4; lastKnownFileType = sourcecode.c.objc; name = "NSString+Utilities.m"; path = "util/NSString+Utilities.m"; sourceTree = "<group>"; };
		E0ED4A791AA1365000B877D9 /* PNConfigManager.h */ = {isa = PBXFileReference; fileEncoding = 4; lastKnownFileType = sourcecode.c.h; path = PNConfigManager.h; sourceTree = "<group>"; };
		E0ED4A7A1AA1365000B877D9 /* PNConfigManager.m */ = {isa = PBXFileReference; fileEncoding = 4; lastKnownFileType = sourcecode.c.objc; path = PNConfigManager.m; sourceTree = "<group>"; };
		E0ED4A7C1AA1370500B877D9 /* PNHotKey.h */ = {isa = PBXFileReference; fileEncoding = 4; lastKnownFileType = sourcecode.c.h; name = PNHotKey.h; path = util/PNHotKey.h; sourceTree = "<group>"; };
		E0ED4A7D1AA1370500B877D9 /* PNHotKey.m */ = {isa = PBXFileReference; fileEncoding = 4; lastKnownFileType = sourcecode.c.objc; name = PNHotKey.m; path = util/PNHotKey.m; sourceTree = "<group>"; };
		E0ED4A7F1AA1419400B877D9 /* PNHotKeyManager.h */ = {isa = PBXFileReference; fileEncoding = 4; lastKnownFileType = sourcecode.c.h; name = PNHotKeyManager.h; path = util/PNHotKeyManager.h; sourceTree = "<group>"; };
		E0ED4A801AA1419400B877D9 /* PNHotKeyManager.m */ = {isa = PBXFileReference; fileEncoding = 4; lastKnownFileType = sourcecode.c.objc; name = PNHotKeyManager.m; path = util/PNHotKeyManager.m; sourceTree = "<group>"; };
		E0FFD1861A85C0F100F1713C /* PNPropertiesTableRowView.h */ = {isa = PBXFileReference; fileEncoding = 4; lastKnownFileType = sourcecode.c.h; path = PNPropertiesTableRowView.h; sourceTree = "<group>"; };
		E0FFD1871A85C0F100F1713C /* PNPropertiesTableRowView.m */ = {isa = PBXFileReference; fileEncoding = 4; lastKnownFileType = sourcecode.c.objc; path = PNPropertiesTableRowView.m; sourceTree = "<group>"; };
		E5517A055322ED25C8058502 /* Pods.debug.xcconfig */ = {isa = PBXFileReference; includeInIndex = 1; lastKnownFileType = text.xcconfig; name = Pods.debug.xcconfig; path = "Pods/Target Support Files/Pods/Pods.debug.xcconfig"; sourceTree = "<group>"; };
/* End PBXFileReference section */

/* Begin PBXFrameworksBuildPhase section */
		E095639A1A3BA5E700DFC645 /* Frameworks */ = {
			isa = PBXFrameworksBuildPhase;
			buildActionMask = 2147483647;
			files = (
				E07E2A341A47D6E1009E2AB6 /* Automator.framework in Frameworks */,
				E0A8C13F1A3D2A540036A675 /* Carbon.framework in Frameworks */,
				E09563A11A3BA5E700DFC645 /* Cocoa.framework in Frameworks */,
				F526BF7E2EEACEF0A63AF6F2 /* libPods.a in Frameworks */,
			);
			runOnlyForDeploymentPostprocessing = 0;
		};
		E09563BB1A3BA5E700DFC645 /* Frameworks */ = {
			isa = PBXFrameworksBuildPhase;
			buildActionMask = 2147483647;
			files = (
				E09563C11A3BA5E700DFC645 /* Cocoa.framework in Frameworks */,
				E09563C01A3BA5E700DFC645 /* XCTest.framework in Frameworks */,
			);
			runOnlyForDeploymentPostprocessing = 0;
		};
/* End PBXFrameworksBuildPhase section */

/* Begin PBXGroup section */
		3DEEA72E3994F2AA3AD2EA7C /* Pods */ = {
			isa = PBXGroup;
			children = (
				E5517A055322ED25C8058502 /* Pods.debug.xcconfig */,
				DFFEFB50649EE02652AD5B6F /* Pods.release.xcconfig */,
			);
			name = Pods;
			sourceTree = "<group>";
		};
		E010EE681A8B056C00905498 /* lib */ = {
			isa = PBXGroup;
			children = (
				E010EE691A8B057000905498 /* DDHotKey */,
			);
			name = lib;
			sourceTree = "<group>";
		};
		E010EE691A8B057000905498 /* DDHotKey */ = {
			isa = PBXGroup;
			children = (
				E010EE6A1A8B057F00905498 /* DDHotKeyCenter.h */,
				E010EE6B1A8B057F00905498 /* DDHotKeyCenter.m */,
				E010EE6C1A8B057F00905498 /* DDHotKeyTextField.h */,
				E010EE6D1A8B057F00905498 /* DDHotKeyTextField.m */,
				E010EE6E1A8B057F00905498 /* DDHotKeyUtilities.h */,
				E010EE6F1A8B057F00905498 /* DDHotKeyUtilities.m */,
			);
			name = DDHotKey;
			sourceTree = "<group>";
		};
		E06599C81A7C90CF00474710 /* service */ = {
			isa = PBXGroup;
			children = (
				E06049AA1D65453400F456C8 /* PNServer.h */,
				E06049AB1D65453400F456C8 /* PNServer.m */,
				E0AA7CE81D56948700355C3E /* PNService.h */,
				E0AA7CE91D56948700355C3E /* PNService.m */,
			);
			name = service;
			sourceTree = "<group>";
		};
		E06E022F1A86A6BF004B4C17 /* utils */ = {
			isa = PBXGroup;
			children = (
				E06E022D1A86A60C004B4C17 /* PNPathUtilsTest.m */,
			);
			name = utils;
			sourceTree = "<group>";
		};
		E06E02301A86A9E7004B4C17 /* util */ = {
			isa = PBXGroup;
			children = (
				E06E02311A86AA05004B4C17 /* NSStringUtilitiesTest.m */,
			);
			name = util;
			sourceTree = "<group>";
		};
		E06E02341A86D53F004B4C17 /* data */ = {
			isa = PBXGroup;
			children = (
			);
			name = data;
			sourceTree = "<group>";
		};
		E09563941A3BA5E600DFC645 = {
			isa = PBXGroup;
			children = (
				E09563A61A3BA5E700DFC645 /* propninja */,
				E09563C41A3BA5E700DFC645 /* propninjaTests */,
				E095639F1A3BA5E700DFC645 /* Frameworks */,
				E095639E1A3BA5E700DFC645 /* Products */,
				3DEEA72E3994F2AA3AD2EA7C /* Pods */,
			);
			sourceTree = "<group>";
		};
		E095639E1A3BA5E700DFC645 /* Products */ = {
			isa = PBXGroup;
			children = (
				E095639D1A3BA5E700DFC645 /* propninja.app */,
				E09563BE1A3BA5E700DFC645 /* propninjaTests.xctest */,
			);
			name = Products;
			sourceTree = "<group>";
		};
		E095639F1A3BA5E700DFC645 /* Frameworks */ = {
			isa = PBXGroup;
			children = (
				E04E30421AA24283006B2F55 /* libproperties.a */,
				E07E2A331A47D6E1009E2AB6 /* Automator.framework */,
				E039E6361A3BD27D002832C5 /* Carbon.framework */,
				E09563A01A3BA5E700DFC645 /* Cocoa.framework */,
				E09563BF1A3BA5E700DFC645 /* XCTest.framework */,
				E09563A21A3BA5E700DFC645 /* Other Frameworks */,
				03C26D2EBDA059266DAFBB98 /* libPods.a */,
			);
			name = Frameworks;
			sourceTree = "<group>";
		};
		E09563A21A3BA5E700DFC645 /* Other Frameworks */ = {
			isa = PBXGroup;
			children = (
				E09563A31A3BA5E700DFC645 /* AppKit.framework */,
				E09563A41A3BA5E700DFC645 /* CoreData.framework */,
				E09563A51A3BA5E700DFC645 /* Foundation.framework */,
			);
			name = "Other Frameworks";
			sourceTree = "<group>";
		};
		E09563A61A3BA5E700DFC645 /* propninja */ = {
			isa = PBXGroup;
			children = (
				E010EE681A8B056C00905498 /* lib */,
				E0BBA73A1A47BE6C001D3DE1 /* application */,
				E0A21E3D1A4B3EB7007A5D73 /* constants */,
				E0BBA73F1A47BE6C001D3DE1 /* controller */,
				E0BBA7441A47BE6C001D3DE1 /* data */,
				E06599C81A7C90CF00474710 /* service */,
				E0BBA7491A47BE6C001D3DE1 /* nib */,
				E0BBA74D1A47BE6C001D3DE1 /* ui */,
				E0C1C71A1A513D2100FA209A /* util */,
				E0BBA7521A47BE6C001D3DE1 /* utils */,
				E09563B81A3BA5E700DFC645 /* Images.xcassets */,
				E09563A71A3BA5E700DFC645 /* Supporting Files */,
			);
			path = propninja;
			sourceTree = "<group>";
		};
		E09563A71A3BA5E700DFC645 /* Supporting Files */ = {
			isa = PBXGroup;
			children = (
				E030EF661A402B1900A37FAF /* images */,
				E030EF641A402AE000A37FAF /* scripts */,
				E09563A81A3BA5E700DFC645 /* propninja-Info.plist */,
				E09563A91A3BA5E700DFC645 /* InfoPlist.strings */,
				E09563AC1A3BA5E700DFC645 /* main.m */,
				E09563AE1A3BA5E700DFC645 /* propninja-Prefix.pch */,
				E09563AF1A3BA5E700DFC645 /* Credits.rtf */,
			);
			name = "Supporting Files";
			sourceTree = "<group>";
		};
		E09563C41A3BA5E700DFC645 /* propninjaTests */ = {
			isa = PBXGroup;
			children = (
				E06E02341A86D53F004B4C17 /* data */,
				E06E02301A86A9E7004B4C17 /* util */,
				E06E022F1A86A6BF004B4C17 /* utils */,
				E09563C51A3BA5E700DFC645 /* Supporting Files */,
			);
			path = propninjaTests;
			sourceTree = "<group>";
		};
		E09563C51A3BA5E700DFC645 /* Supporting Files */ = {
			isa = PBXGroup;
			children = (
				E09563C61A3BA5E700DFC645 /* propninjaTests-Info.plist */,
				E09563C71A3BA5E700DFC645 /* InfoPlist.strings */,
			);
			name = "Supporting Files";
			sourceTree = "<group>";
		};
		E0A21E3D1A4B3EB7007A5D73 /* constants */ = {
			isa = PBXGroup;
			children = (
				E0A21E3A1A4B3EB2007A5D73 /* PNConstants.h */,
				E0A21E3B1A4B3EB2007A5D73 /* PNConstants.m */,
			);
			name = constants;
			sourceTree = "<group>";
		};
		E0BBA73A1A47BE6C001D3DE1 /* application */ = {
			isa = PBXGroup;
			children = (
				E0BBA73B1A47BE6C001D3DE1 /* PNAppDelegate.h */,
				E0BBA73C1A47BE6C001D3DE1 /* PNAppDelegate.m */,
				E0BBA73D1A47BE6C001D3DE1 /* PNApplication.h */,
				E0BBA73E1A47BE6C001D3DE1 /* PNApplication.m */,
			);
			path = application;
			sourceTree = "<group>";
		};
		E0BBA73F1A47BE6C001D3DE1 /* controller */ = {
			isa = PBXGroup;
			children = (
				E0BBA7401A47BE6C001D3DE1 /* PNMenuController.h */,
				E0BBA7411A47BE6C001D3DE1 /* PNMenuController.m */,
				E07E2A351A48B150009E2AB6 /* PNPreferencesWindowController.h */,
				E07E2A361A48B150009E2AB6 /* PNPreferencesWindowController.m */,
				E0BBA7421A47BE6C001D3DE1 /* PNPropertiesWindowController.h */,
				E0BBA7431A47BE6C001D3DE1 /* PNPropertiesWindowController.m */,
			);
			path = controller;
			sourceTree = "<group>";
		};
		E0BBA7441A47BE6C001D3DE1 /* data */ = {
			isa = PBXGroup;
			children = (
				E04C675F1A59E640006861F2 /* PNProperty.h */,
				E04C67601A59E640006861F2 /* PNProperty.m */,
				E0567DC71A7DFC3B001AF187 /* PNPropertyFileInfo.h */,
				E0567DC81A7DFC3B001AF187 /* PNPropertyFileInfo.m */,
				E0567DBF1A7D6E4E001AF187 /* PNPropertyFileInfoConfig.h */,
				E0567DC01A7D6E4E001AF187 /* PNPropertyFileInfoConfig.m */,
				E0ED4A791AA1365000B877D9 /* PNConfigManager.h */,
				E0ED4A7A1AA1365000B877D9 /* PNConfigManager.m */,
			);
			path = data;
			sourceTree = "<group>";
		};
		E0BBA7491A47BE6C001D3DE1 /* nib */ = {
			isa = PBXGroup;
			children = (
				E0BBA74B1A47BE6C001D3DE1 /* PNPreferencesWindow.xib */,
				E03A51DC1A85869D00356D90 /* PNPropertiesTableCellView.xib */,
				E0BBA74C1A47BE6C001D3DE1 /* PNPropertiesWindow.xib */,
				E0BBA74A1A47BE6C001D3DE1 /* Main.xib */,
			);
			path = nib;
			sourceTree = "<group>";
		};
		E0BBA74D1A47BE6C001D3DE1 /* ui */ = {
			isa = PBXGroup;
			children = (
				E03A51DE1A85998C00356D90 /* PNPropertiesTableCellView.h */,
				E03A51DF1A85998C00356D90 /* PNPropertiesTableCellView.m */,
				E0FFD1861A85C0F100F1713C /* PNPropertiesTableRowView.h */,
				E0FFD1871A85C0F100F1713C /* PNPropertiesTableRowView.m */,
				E0BBA74E1A47BE6C001D3DE1 /* PNPropertiesTableView.h */,
				E0BBA74F1A47BE6C001D3DE1 /* PNPropertiesTableView.m */,
				E04C67621A5A6214006861F2 /* PNTableHeaderCell.h */,
				E04C67631A5A6214006861F2 /* PNTableHeaderCell.m */,
				E0567DCA1A7E13C6001AF187 /* PNTableView.h */,
				E0567DCB1A7E13C6001AF187 /* PNTableView.m */,
				E0BBA7501A47BE6C001D3DE1 /* NSWindow+canBecomeKeyWindow.h */,
				E0BBA7511A47BE6C001D3DE1 /* NSWindow+canBecomeKeyWindow.m */,
			);
			path = ui;
			sourceTree = "<group>";
		};
		E0BBA7521A47BE6C001D3DE1 /* utils */ = {
			isa = PBXGroup;
			children = (
				E0567DBC1A7D55FD001AF187 /* PNLoggerUtils.h */,
				E0567DBD1A7D55FD001AF187 /* PNLoggerUtils.m */,
				E0567DC21A7D8FD2001AF187 /* PNPathUtils.h */,
				E0567DC31A7D8FD2001AF187 /* PNPathUtils.m */,
				E04C675C1A588727006861F2 /* PNServiceUtils.h */,
				E04C675D1A588727006861F2 /* PNServiceUtils.m */,
				E04C67591A588500006861F2 /* PNSerializationUtils.h */,
				E04C675A1A588500006861F2 /* PNSerializationUtils.m */,
				E04C67561A588243006861F2 /* PNStreamUtils.h */,
				E04C67571A588243006861F2 /* PNStreamUtils.m */,
				E0516C8A1D6007DD006EBDCB /* PNApplicationUtils.h */,
				E0516C8B1D6007DD006EBDCB /* PNApplicationUtils.m */,
			);
			path = utils;
			sourceTree = "<group>";
		};
		E0C1C71A1A513D2100FA209A /* util */ = {
			isa = PBXGroup;
			children = (
				E0ED4A7C1AA1370500B877D9 /* PNHotKey.h */,
				E0ED4A7D1AA1370500B877D9 /* PNHotKey.m */,
				E0ED4A7F1AA1419400B877D9 /* PNHotKeyManager.h */,
				E0ED4A801AA1419400B877D9 /* PNHotKeyManager.m */,
				E0C1C71D1A513D6B00FA209A /* NSString+Utilities.h */,
				E0C1C71E1A513D6B00FA209A /* NSString+Utilities.m */,
			);
			name = util;
			sourceTree = "<group>";
		};
/* End PBXGroup section */

/* Begin PBXNativeTarget section */
		E095639C1A3BA5E700DFC645 /* propninja */ = {
			isa = PBXNativeTarget;
			buildConfigurationList = E09563CE1A3BA5E700DFC645 /* Build configuration list for PBXNativeTarget "propninja" */;
			buildPhases = (
				0C08A1F7BB7A72ACF9EA67CE /* Check Pods Manifest.lock */,
				E09563991A3BA5E700DFC645 /* Sources */,
				E095639A1A3BA5E700DFC645 /* Frameworks */,
				E095639B1A3BA5E700DFC645 /* Resources */,
				5EB6B7D9AC33B8C13946DCD0 /* Copy Pods Resources */,
			);
			buildRules = (
			);
			dependencies = (
			);
			name = propninja;
			productName = propninja;
			productReference = E095639D1A3BA5E700DFC645 /* propninja.app */;
			productType = "com.apple.product-type.application";
		};
		E09563BD1A3BA5E700DFC645 /* propninjaTests */ = {
			isa = PBXNativeTarget;
			buildConfigurationList = E09563D11A3BA5E700DFC645 /* Build configuration list for PBXNativeTarget "propninjaTests" */;
			buildPhases = (
				E09563BA1A3BA5E700DFC645 /* Sources */,
				E09563BB1A3BA5E700DFC645 /* Frameworks */,
				E09563BC1A3BA5E700DFC645 /* Resources */,
			);
			buildRules = (
			);
			dependencies = (
				E09563C31A3BA5E700DFC645 /* PBXTargetDependency */,
			);
			name = propninjaTests;
			productName = propninjaTests;
			productReference = E09563BE1A3BA5E700DFC645 /* propninjaTests.xctest */;
			productType = "com.apple.product-type.bundle.unit-test";
		};
/* End PBXNativeTarget section */

/* Begin PBXProject section */
		E09563951A3BA5E600DFC645 /* Project object */ = {
			isa = PBXProject;
			attributes = {
				CLASSPREFIX = BN;
				LastUpgradeCheck = 0800;
				ORGANIZATIONNAME = Workday;
				TargetAttributes = {
					E09563BD1A3BA5E700DFC645 = {
						TestTargetID = E095639C1A3BA5E700DFC645;
					};
				};
			};
			buildConfigurationList = E09563981A3BA5E700DFC645 /* Build configuration list for PBXProject "propninja" */;
			compatibilityVersion = "Xcode 3.2";
			developmentRegion = English;
			hasScannedForEncodings = 0;
			knownRegions = (
				en,
				Base,
			);
			mainGroup = E09563941A3BA5E600DFC645;
			productRefGroup = E095639E1A3BA5E700DFC645 /* Products */;
			projectDirPath = "";
			projectRoot = "";
			targets = (
				E095639C1A3BA5E700DFC645 /* propninja */,
				E09563BD1A3BA5E700DFC645 /* propninjaTests */,
			);
		};
/* End PBXProject section */

/* Begin PBXResourcesBuildPhase section */
		E095639B1A3BA5E700DFC645 /* Resources */ = {
			isa = PBXResourcesBuildPhase;
			buildActionMask = 2147483647;
			files = (
				E0BBA7601A47BE6C001D3DE1 /* PNPreferencesWindow.xib in Resources */,
				E030EF671A402B1900A37FAF /* images in Resources */,
				E03A51DD1A85869D00356D90 /* PNPropertiesTableCellView.xib in Resources */,
				E030EF651A402AE000A37FAF /* scripts in Resources */,
				E09563AB1A3BA5E700DFC645 /* InfoPlist.strings in Resources */,
				E0BBA7611A47BE6C001D3DE1 /* PNPropertiesWindow.xib in Resources */,
				E0BBA75F1A47BE6C001D3DE1 /* Main.xib in Resources */,
				E09563B91A3BA5E700DFC645 /* Images.xcassets in Resources */,
				E09563B11A3BA5E700DFC645 /* Credits.rtf in Resources */,
			);
			runOnlyForDeploymentPostprocessing = 0;
		};
		E09563BC1A3BA5E700DFC645 /* Resources */ = {
			isa = PBXResourcesBuildPhase;
			buildActionMask = 2147483647;
			files = (
				E09563C91A3BA5E700DFC645 /* InfoPlist.strings in Resources */,
			);
			runOnlyForDeploymentPostprocessing = 0;
		};
/* End PBXResourcesBuildPhase section */

/* Begin PBXShellScriptBuildPhase section */
		0C08A1F7BB7A72ACF9EA67CE /* Check Pods Manifest.lock */ = {
			isa = PBXShellScriptBuildPhase;
			buildActionMask = 2147483647;
			files = (
			);
			inputPaths = (
			);
			name = "Check Pods Manifest.lock";
			outputPaths = (
			);
			runOnlyForDeploymentPostprocessing = 0;
			shellPath = /bin/sh;
			shellScript = "diff \"${PODS_ROOT}/../Podfile.lock\" \"${PODS_ROOT}/Manifest.lock\" > /dev/null\nif [[ $? != 0 ]] ; then\n    cat << EOM\nerror: The sandbox is not in sync with the Podfile.lock. Run 'pod install' or update your CocoaPods installation.\nEOM\n    exit 1\nfi\n";
			showEnvVarsInLog = 0;
		};
		5EB6B7D9AC33B8C13946DCD0 /* Copy Pods Resources */ = {
			isa = PBXShellScriptBuildPhase;
			buildActionMask = 2147483647;
			files = (
			);
			inputPaths = (
			);
			name = "Copy Pods Resources";
			outputPaths = (
			);
			runOnlyForDeploymentPostprocessing = 0;
			shellPath = /bin/sh;
			shellScript = "\"${SRCROOT}/Pods/Target Support Files/Pods/Pods-resources.sh\"\n";
			showEnvVarsInLog = 0;
		};
/* End PBXShellScriptBuildPhase section */

/* Begin PBXSourcesBuildPhase section */
		E09563991A3BA5E700DFC645 /* Sources */ = {
			isa = PBXSourcesBuildPhase;
			buildActionMask = 2147483647;
			files = (
				E03A51E01A85998C00356D90 /* PNPropertiesTableCellView.m in Sources */,
				E0BBA7631A47BE6C001D3DE1 /* NSWindow+canBecomeKeyWindow.m in Sources */,
				E0BBA75C1A47BE6C001D3DE1 /* PNPropertiesWindowController.m in Sources */,
				E0BBA75A1A47BE6C001D3DE1 /* PNApplication.m in Sources */,
				E04C67641A5A6214006861F2 /* PNTableHeaderCell.m in Sources */,
				E0FFD1881A85C0F100F1713C /* PNPropertiesTableRowView.m in Sources */,
				E0A21E3C1A4B3EB2007A5D73 /* PNConstants.m in Sources */,
				E0BBA7591A47BE6C001D3DE1 /* PNAppDelegate.m in Sources */,
				E0BBA7621A47BE6C001D3DE1 /* PNPropertiesTableView.m in Sources */,
				E04C675E1A588727006861F2 /* PNServiceUtils.m in Sources */,
				E0BBA75B1A47BE6C001D3DE1 /* PNMenuController.m in Sources */,
				E04C67611A59E640006861F2 /* PNProperty.m in Sources */,
				E010EE721A8B057F00905498 /* DDHotKeyUtilities.m in Sources */,
				E09563AD1A3BA5E700DFC645 /* main.m in Sources */,
				E0567DC41A7D8FD2001AF187 /* PNPathUtils.m in Sources */,
				E0567DCC1A7E13C6001AF187 /* PNTableView.m in Sources */,
				E06049AC1D65453400F456C8 /* PNServer.m in Sources */,
				E010EE711A8B057F00905498 /* DDHotKeyTextField.m in Sources */,
				E0ED4A7B1AA1365000B877D9 /* PNConfigManager.m in Sources */,
				E0567DBE1A7D55FD001AF187 /* PNLoggerUtils.m in Sources */,
				E0C1C7201A513D6B00FA209A /* NSString+Utilities.m in Sources */,
				E0ED4A7E1AA1370500B877D9 /* PNHotKey.m in Sources */,
				E010EE701A8B057F00905498 /* DDHotKeyCenter.m in Sources */,
				E04C67581A588243006861F2 /* PNStreamUtils.m in Sources */,
				E0516C8C1D6007DD006EBDCB /* PNApplicationUtils.m in Sources */,
				E0ED4A811AA1419400B877D9 /* PNHotKeyManager.m in Sources */,
				E0AA7CEA1D56948700355C3E /* PNService.m in Sources */,
				E0567DC11A7D6E4E001AF187 /* PNPropertyFileInfoConfig.m in Sources */,
				E0567DC91A7DFC3B001AF187 /* PNPropertyFileInfo.m in Sources */,
				E07E2A371A48B150009E2AB6 /* PNPreferencesWindowController.m in Sources */,
				E04C675B1A588500006861F2 /* PNSerializationUtils.m in Sources */,
			);
			runOnlyForDeploymentPostprocessing = 0;
		};
		E09563BA1A3BA5E700DFC645 /* Sources */ = {
			isa = PBXSourcesBuildPhase;
			buildActionMask = 2147483647;
			files = (
				E06E02321A86AA05004B4C17 /* NSStringUtilitiesTest.m in Sources */,
				E06E022E1A86A60C004B4C17 /* PNPathUtilsTest.m in Sources */,
			);
			runOnlyForDeploymentPostprocessing = 0;
		};
/* End PBXSourcesBuildPhase section */

/* Begin PBXTargetDependency section */
		E09563C31A3BA5E700DFC645 /* PBXTargetDependency */ = {
			isa = PBXTargetDependency;
			target = E095639C1A3BA5E700DFC645 /* propninja */;
			targetProxy = E09563C21A3BA5E700DFC645 /* PBXContainerItemProxy */;
		};
/* End PBXTargetDependency section */

/* Begin PBXVariantGroup section */
		E09563A91A3BA5E700DFC645 /* InfoPlist.strings */ = {
			isa = PBXVariantGroup;
			children = (
				E09563AA1A3BA5E700DFC645 /* en */,
			);
			name = InfoPlist.strings;
			sourceTree = "<group>";
		};
		E09563AF1A3BA5E700DFC645 /* Credits.rtf */ = {
			isa = PBXVariantGroup;
			children = (
				E09563B01A3BA5E700DFC645 /* en */,
			);
			name = Credits.rtf;
			sourceTree = "<group>";
		};
		E09563C71A3BA5E700DFC645 /* InfoPlist.strings */ = {
			isa = PBXVariantGroup;
			children = (
				E09563C81A3BA5E700DFC645 /* en */,
			);
			name = InfoPlist.strings;
			sourceTree = "<group>";
		};
/* End PBXVariantGroup section */

/* Begin XCBuildConfiguration section */
		E09563CC1A3BA5E700DFC645 /* Debug */ = {
			isa = XCBuildConfiguration;
			buildSettings = {
				ALWAYS_SEARCH_USER_PATHS = NO;
				CLANG_CXX_LANGUAGE_STANDARD = "gnu++0x";
				CLANG_CXX_LIBRARY = "libc++";
				CLANG_ENABLE_MODULES = YES;
				CLANG_ENABLE_OBJC_ARC = YES;
				CLANG_WARN_BOOL_CONVERSION = YES;
				CLANG_WARN_CONSTANT_CONVERSION = YES;
				CLANG_WARN_DIRECT_OBJC_ISA_USAGE = YES_ERROR;
				CLANG_WARN_EMPTY_BODY = YES;
				CLANG_WARN_ENUM_CONVERSION = YES;
				CLANG_WARN_INFINITE_RECURSION = YES;
				CLANG_WARN_INT_CONVERSION = YES;
				CLANG_WARN_OBJC_ROOT_CLASS = YES_ERROR;
				CLANG_WARN_SUSPICIOUS_MOVE = YES;
				CLANG_WARN_UNREACHABLE_CODE = YES;
				CLANG_WARN__DUPLICATE_METHOD_MATCH = YES;
				COPY_PHASE_STRIP = NO;
				ENABLE_STRICT_OBJC_MSGSEND = YES;
				ENABLE_TESTABILITY = YES;
				GCC_C_LANGUAGE_STANDARD = gnu99;
				GCC_DYNAMIC_NO_PIC = NO;
				GCC_ENABLE_OBJC_EXCEPTIONS = YES;
				GCC_NO_COMMON_BLOCKS = YES;
				GCC_OPTIMIZATION_LEVEL = 0;
				GCC_PREPROCESSOR_DEFINITIONS = (
					"DEBUG=1",
					"$(inherited)",
				);
				GCC_SYMBOLS_PRIVATE_EXTERN = NO;
				GCC_WARN_64_TO_32_BIT_CONVERSION = YES;
				GCC_WARN_ABOUT_RETURN_TYPE = YES_ERROR;
				GCC_WARN_UNDECLARED_SELECTOR = YES;
				GCC_WARN_UNINITIALIZED_AUTOS = YES_AGGRESSIVE;
				GCC_WARN_UNUSED_FUNCTION = YES;
				GCC_WARN_UNUSED_VARIABLE = YES;
				MACOSX_DEPLOYMENT_TARGET = 10.9;
				ONLY_ACTIVE_ARCH = YES;
				SDKROOT = macosx;
			};
			name = Debug;
		};
		E09563CD1A3BA5E700DFC645 /* Release */ = {
			isa = XCBuildConfiguration;
			buildSettings = {
				ALWAYS_SEARCH_USER_PATHS = NO;
				CLANG_CXX_LANGUAGE_STANDARD = "gnu++0x";
				CLANG_CXX_LIBRARY = "libc++";
				CLANG_ENABLE_MODULES = YES;
				CLANG_ENABLE_OBJC_ARC = YES;
				CLANG_WARN_BOOL_CONVERSION = YES;
				CLANG_WARN_CONSTANT_CONVERSION = YES;
				CLANG_WARN_DIRECT_OBJC_ISA_USAGE = YES_ERROR;
				CLANG_WARN_EMPTY_BODY = YES;
				CLANG_WARN_ENUM_CONVERSION = YES;
				CLANG_WARN_INFINITE_RECURSION = YES;
				CLANG_WARN_INT_CONVERSION = YES;
				CLANG_WARN_OBJC_ROOT_CLASS = YES_ERROR;
				CLANG_WARN_SUSPICIOUS_MOVE = YES;
				CLANG_WARN_UNREACHABLE_CODE = YES;
				CLANG_WARN__DUPLICATE_METHOD_MATCH = YES;
				COPY_PHASE_STRIP = YES;
				DEBUG_INFORMATION_FORMAT = "dwarf-with-dsym";
				ENABLE_NS_ASSERTIONS = NO;
				ENABLE_STRICT_OBJC_MSGSEND = YES;
				GCC_C_LANGUAGE_STANDARD = gnu99;
				GCC_ENABLE_OBJC_EXCEPTIONS = YES;
				GCC_NO_COMMON_BLOCKS = YES;
				GCC_WARN_64_TO_32_BIT_CONVERSION = YES;
				GCC_WARN_ABOUT_RETURN_TYPE = YES_ERROR;
				GCC_WARN_UNDECLARED_SELECTOR = YES;
				GCC_WARN_UNINITIALIZED_AUTOS = YES_AGGRESSIVE;
				GCC_WARN_UNUSED_FUNCTION = YES;
				GCC_WARN_UNUSED_VARIABLE = YES;
				MACOSX_DEPLOYMENT_TARGET = 10.9;
				SDKROOT = macosx;
			};
			name = Release;
		};
		E09563CF1A3BA5E700DFC645 /* Debug */ = {
			isa = XCBuildConfiguration;
			baseConfigurationReference = E5517A055322ED25C8058502 /* Pods.debug.xcconfig */;
			buildSettings = {
				ASSETCATALOG_COMPILER_APPICON_NAME = AppIcon;
				COMBINE_HIDPI_IMAGES = YES;
				GCC_PRECOMPILE_PREFIX_HEADER = YES;
				GCC_PREFIX_HEADER = "propninja/propninja-Prefix.pch";
				INFOPLIST_FILE = "propninja/propninja-Info.plist";
				LIBRARY_SEARCH_PATHS = "$(inherited)";
				MACOSX_DEPLOYMENT_TARGET = 10.8;
				PRODUCT_BUNDLE_IDENTIFIER = "com.ishunyu.$(PRODUCT_NAME:rfc1034identifier)";
				PRODUCT_NAME = propninja;
				WRAPPER_EXTENSION = app;
			};
			name = Debug;
		};
		E09563D01A3BA5E700DFC645 /* Release */ = {
			isa = XCBuildConfiguration;
			baseConfigurationReference = DFFEFB50649EE02652AD5B6F /* Pods.release.xcconfig */;
			buildSettings = {
				ASSETCATALOG_COMPILER_APPICON_NAME = AppIcon;
				COMBINE_HIDPI_IMAGES = YES;
				GCC_PRECOMPILE_PREFIX_HEADER = YES;
				GCC_PREFIX_HEADER = "propninja/propninja-Prefix.pch";
				INFOPLIST_FILE = "propninja/propninja-Info.plist";
				LIBRARY_SEARCH_PATHS = "$(inherited)";
				MACOSX_DEPLOYMENT_TARGET = 10.8;
				PRODUCT_BUNDLE_IDENTIFIER = "com.ishunyu.$(PRODUCT_NAME:rfc1034identifier)";
				PRODUCT_NAME = propninja;
				WRAPPER_EXTENSION = app;
			};
			name = Release;
		};
		E09563D21A3BA5E700DFC645 /* Debug */ = {
			isa = XCBuildConfiguration;
			baseConfigurationReference = E5517A055322ED25C8058502 /* Pods.debug.xcconfig */;
			buildSettings = {
				BUNDLE_LOADER = "$(TEST_HOST)";
				COMBINE_HIDPI_IMAGES = YES;
				FRAMEWORK_SEARCH_PATHS = (
					"$(DEVELOPER_FRAMEWORKS_DIR)",
					"$(inherited)",
				);
				GCC_PRECOMPILE_PREFIX_HEADER = YES;
				GCC_PREFIX_HEADER = "propninja/propninja-Prefix.pch";
				GCC_PREPROCESSOR_DEFINITIONS = (
					"DEBUG=1",
					"$(inherited)",
				);
				INFOPLIST_FILE = "propninja/propninjaTests-Info.plist";
				PRODUCT_BUNDLE_IDENTIFIER = "com.workday.${PRODUCT_NAME:rfc1034identifier}";
				PRODUCT_NAME = propninjaTests;
				TEST_HOST = "$(BUILT_PRODUCTS_DIR)/propninja.app/Contents/MacOS/propninja";
				WRAPPER_EXTENSION = xctest;
			};
			name = Debug;
		};
		E09563D31A3BA5E700DFC645 /* Release */ = {
			isa = XCBuildConfiguration;
			buildSettings = {
				BUNDLE_LOADER = "$(TEST_HOST)";
				COMBINE_HIDPI_IMAGES = YES;
				FRAMEWORK_SEARCH_PATHS = (
					"$(DEVELOPER_FRAMEWORKS_DIR)",
					"$(inherited)",
				);
				GCC_PRECOMPILE_PREFIX_HEADER = YES;
				GCC_PREFIX_HEADER = "propninja/propninja-Prefix.pch";
				INFOPLIST_FILE = "propninjaTests/propninjaTests-Info.plist";
				PRODUCT_BUNDLE_IDENTIFIER = "com.workday.${PRODUCT_NAME:rfc1034identifier}";
				PRODUCT_NAME = propninjaTests;
				TEST_HOST = "$(BUILT_PRODUCTS_DIR)/propninja.app/Contents/MacOS/propninja";
				WRAPPER_EXTENSION = xctest;
			};
			name = Release;
		};
/* End XCBuildConfiguration section */

/* Begin XCConfigurationList section */
		E09563981A3BA5E700DFC645 /* Build configuration list for PBXProject "propninja" */ = {
			isa = XCConfigurationList;
			buildConfigurations = (
				E09563CC1A3BA5E700DFC645 /* Debug */,
				E09563CD1A3BA5E700DFC645 /* Release */,
			);
			defaultConfigurationIsVisible = 0;
			defaultConfigurationName = Release;
		};
		E09563CE1A3BA5E700DFC645 /* Build configuration list for PBXNativeTarget "propninja" */ = {
			isa = XCConfigurationList;
			buildConfigurations = (
				E09563CF1A3BA5E700DFC645 /* Debug */,
				E09563D01A3BA5E700DFC645 /* Release */,
			);
			defaultConfigurationIsVisible = 0;
			defaultConfigurationName = Release;
		};
		E09563D11A3BA5E700DFC645 /* Build configuration list for PBXNativeTarget "propninjaTests" */ = {
			isa = XCConfigurationList;
			buildConfigurations = (
				E09563D21A3BA5E700DFC645 /* Debug */,
				E09563D31A3BA5E700DFC645 /* Release */,
			);
			defaultConfigurationIsVisible = 0;
			defaultConfigurationName = Release;
		};
/* End XCConfigurationList section */
	};
	rootObject = E09563951A3BA5E600DFC645 /* Project object */;
}
